
Microsoft Visual Studio Solution File, Format Version 12.00
# Visual Studio 15
VisualStudioVersion = 15.0.28010.2046
MinimumVisualStudioVersion = 10.0.40219.1
Project("{FAE04EC0-301F-11D3-BF4B-00C04F79EFBC}") = "TestAsync.Android", "TestAsync\TestAsync.Android\TestAsync.Android.csproj", "{271F17D8-DFEC-4F8A-BB6B-5EEF973DF526}"
EndProject
Project("{FAE04EC0-301F-11D3-BF4B-00C04F79EFBC}") = "TestAsync.iOS", "TestAsync\TestAsync.iOS\TestAsync.iOS.csproj", "{4CE37030-CF46-4429-82F5-2E3DE7E9A993}"
EndProject
Project("{FAE04EC0-301F-11D3-BF4B-00C04F79EFBC}") = "TestAsync.UWP", "TestAsync\TestAsync.UWP\TestAsync.UWP.csproj", "{115CE224-39F3-4F52-9215-6203B78F4DD0}"
EndProject
Project("{FAE04EC0-301F-11D3-BF4B-00C04F79EFBC}") = "TestAsync", "TestAsync\TestAsync\TestAsync.csproj", "{CD77040B-2CB1-4C7E-95DF-367591CF1DC1}"
EndProject
Global
	GlobalSection(SolutionConfigurationPlatforms) = preSolution
		Ad-Hoc|Any CPU = Ad-Hoc|Any CPU
		Ad-Hoc|ARM = Ad-Hoc|ARM
		Ad-Hoc|iPhone = Ad-Hoc|iPhone
		Ad-Hoc|iPhoneSimulator = Ad-Hoc|iPhoneSimulator
		Ad-Hoc|x64 = Ad-Hoc|x64
		Ad-Hoc|x86 = Ad-Hoc|x86
		AppStore|Any CPU = AppStore|Any CPU
		AppStore|ARM = AppStore|ARM
		AppStore|iPhone = AppStore|iPhone
		AppStore|iPhoneSimulator = AppStore|iPhoneSimulator
		AppStore|x64 = AppStore|x64
		AppStore|x86 = AppStore|x86
		Debug|Any CPU = Debug|Any CPU
		Debug|ARM = Debug|ARM
		Debug|iPhone = Debug|iPhone
		Debug|iPhoneSimulator = Debug|iPhoneSimulator
		Debug|x64 = Debug|x64
		Debug|x86 = Debug|x86
		Release|Any CPU = Release|Any CPU
		Release|ARM = Release|ARM
		Release|iPhone = Release|iPhone
		Release|iPhoneSimulator = Release|iPhoneSimulator
		Release|x64 = Release|x64
		Release|x86 = Release|x86
	EndGlobalSection
	GlobalSection(ProjectConfigurationPlatforms) = postSolution
		{271F17D8-DFEC-4F8A-BB6B-5EEF973DF526}.Ad-Hoc|Any CPU.ActiveCfg = Release|Any CPU
		{271F17D8-DFEC-4F8A-BB6B-5EEF973DF526}.Ad-Hoc|Any CPU.Build.0 = Release|Any CPU
		{271F17D8-DFEC-4F8A-BB6B-5EEF973DF526}.Ad-Hoc|Any CPU.Deploy.0 = Release|Any CPU
		{271F17D8-DFEC-4F8A-BB6B-5EEF973DF526}.Ad-Hoc|ARM.ActiveCfg = Release|Any CPU
		{271F17D8-DFEC-4F8A-BB6B-5EEF973DF526}.Ad-Hoc|ARM.Build.0 = Release|Any CPU
		{271F17D8-DFEC-4F8A-BB6B-5EEF973DF526}.Ad-Hoc|ARM.Deploy.0 = Release|Any CPU
		{271F17D8-DFEC-4F8A-BB6B-5EEF973DF526}.Ad-Hoc|iPhone.ActiveCfg = Release|Any CPU
		{271F17D8-DFEC-4F8A-BB6B-5EEF973DF526}.Ad-Hoc|iPhone.Build.0 = Release|Any CPU
		{271F17D8-DFEC-4F8A-BB6B-5EEF973DF526}.Ad-Hoc|iPhone.Deploy.0 = Release|Any CPU
		{271F17D8-DFEC-4F8A-BB6B-5EEF973DF526}.Ad-Hoc|iPhoneSimulator.ActiveCfg = Release|Any CPU
		{271F17D8-DFEC-4F8A-BB6B-5EEF973DF526}.Ad-Hoc|iPhoneSimulator.Build.0 = Release|Any CPU
		{271F17D8-DFEC-4F8A-BB6B-5EEF973DF526}.Ad-Hoc|iPhoneSimulator.Deploy.0 = Release|Any CPU
		{271F17D8-DFEC-4F8A-BB6B-5EEF973DF526}.Ad-Hoc|x64.ActiveCfg = Release|Any CPU
		{271F17D8-DFEC-4F8A-BB6B-5EEF973DF526}.Ad-Hoc|x64.Build.0 = Release|Any CPU
		{271F17D8-DFEC-4F8A-BB6B-5EEF973DF526}.Ad-Hoc|x64.Deploy.0 = Release|Any CPU
		{271F17D8-DFEC-4F8A-BB6B-5EEF973DF526}.Ad-Hoc|x86.ActiveCfg = Release|Any CPU
		{271F17D8-DFEC-4F8A-BB6B-5EEF973DF526}.Ad-Hoc|x86.Build.0 = Release|Any CPU
		{271F17D8-DFEC-4F8A-BB6B-5EEF973DF526}.Ad-Hoc|x86.Deploy.0 = Release|Any CPU
		{271F17D8-DFEC-4F8A-BB6B-5EEF973DF526}.AppStore|Any CPU.ActiveCfg = Release|Any CPU
		{271F17D8-DFEC-4F8A-BB6B-5EEF973DF526}.AppStore|Any CPU.Build.0 = Release|Any CPU
		{271F17D8-DFEC-4F8A-BB6B-5EEF973DF526}.AppStore|Any CPU.Deploy.0 = Release|Any CPU
		{271F17D8-DFEC-4F8A-BB6B-5EEF973DF526}.AppStore|ARM.ActiveCfg = Release|Any CPU
		{271F17D8-DFEC-4F8A-BB6B-5EEF973DF526}.AppStore|ARM.Build.0 = Release|Any CPU
		{271F17D8-DFEC-4F8A-BB6B-5EEF973DF526}.AppStore|ARM.Deploy.0 = Release|Any CPU
		{271F17D8-DFEC-4F8A-BB6B-5EEF973DF526}.AppStore|iPhone.ActiveCfg = Release|Any CPU
		{271F17D8-DFEC-4F8A-BB6B-5EEF973DF526}.AppStore|iPhone.Build.0 = Release|Any CPU
		{271F17D8-DFEC-4F8A-BB6B-5EEF973DF526}.AppStore|iPhone.Deploy.0 = Release|Any CPU
		{271F17D8-DFEC-4F8A-BB6B-5EEF973DF526}.AppStore|iPhoneSimulator.ActiveCfg = Release|Any CPU
		{271F17D8-DFEC-4F8A-BB6B-5EEF973DF526}.AppStore|iPhoneSimulator.Build.0 = Release|Any CPU
		{271F17D8-DFEC-4F8A-BB6B-5EEF973DF526}.AppStore|iPhoneSimulator.Deploy.0 = Release|Any CPU
		{271F17D8-DFEC-4F8A-BB6B-5EEF973DF526}.AppStore|x64.ActiveCfg = Release|Any CPU
		{271F17D8-DFEC-4F8A-BB6B-5EEF973DF526}.AppStore|x64.Build.0 = Release|Any CPU
		{271F17D8-DFEC-4F8A-BB6B-5EEF973DF526}.AppStore|x64.Deploy.0 = Release|Any CPU
		{271F17D8-DFEC-4F8A-BB6B-5EEF973DF526}.AppStore|x86.ActiveCfg = Release|Any CPU
		{271F17D8-DFEC-4F8A-BB6B-5EEF973DF526}.AppStore|x86.Build.0 = Release|Any CPU
		{271F17D8-DFEC-4F8A-BB6B-5EEF973DF526}.AppStore|x86.Deploy.0 = Release|Any CPU
		{271F17D8-DFEC-4F8A-BB6B-5EEF973DF526}.Debug|Any CPU.ActiveCfg = Debug|Any CPU
		{271F17D8-DFEC-4F8A-BB6B-5EEF973DF526}.Debug|Any CPU.Build.0 = Debug|Any CPU
		{271F17D8-DFEC-4F8A-BB6B-5EEF973DF526}.Debug|Any CPU.Deploy.0 = Debug|Any CPU
		{271F17D8-DFEC-4F8A-BB6B-5EEF973DF526}.Debug|ARM.ActiveCfg = Debug|Any CPU
		{271F17D8-DFEC-4F8A-BB6B-5EEF973DF526}.Debug|ARM.Build.0 = Debug|Any CPU
		{271F17D8-DFEC-4F8A-BB6B-5EEF973DF526}.Debug|ARM.Deploy.0 = Debug|Any CPU
		{271F17D8-DFEC-4F8A-BB6B-5EEF973DF526}.Debug|iPhone.ActiveCfg = Debug|Any CPU
		{271F17D8-DFEC-4F8A-BB6B-5EEF973DF526}.Debug|iPhone.Build.0 = Debug|Any CPU
		{271F17D8-DFEC-4F8A-BB6B-5EEF973DF526}.Debug|iPhone.Deploy.0 = Debug|Any CPU
		{271F17D8-DFEC-4F8A-BB6B-5EEF973DF526}.Debug|iPhoneSimulator.ActiveCfg = Debug|Any CPU
		{271F17D8-DFEC-4F8A-BB6B-5EEF973DF526}.Debug|iPhoneSimulator.Build.0 = Debug|Any CPU
		{271F17D8-DFEC-4F8A-BB6B-5EEF973DF526}.Debug|iPhoneSimulator.Deploy.0 = Debug|Any CPU
		{271F17D8-DFEC-4F8A-BB6B-5EEF973DF526}.Debug|x64.ActiveCfg = Debug|Any CPU
		{271F17D8-DFEC-4F8A-BB6B-5EEF973DF526}.Debug|x64.Build.0 = Debug|Any CPU
		{271F17D8-DFEC-4F8A-BB6B-5EEF973DF526}.Debug|x64.Deploy.0 = Debug|Any CPU
		{271F17D8-DFEC-4F8A-BB6B-5EEF973DF526}.Debug|x86.ActiveCfg = Debug|Any CPU
		{271F17D8-DFEC-4F8A-BB6B-5EEF973DF526}.Debug|x86.Build.0 = Debug|Any CPU
		{271F17D8-DFEC-4F8A-BB6B-5EEF973DF526}.Debug|x86.Deploy.0 = Debug|Any CPU
		{271F17D8-DFEC-4F8A-BB6B-5EEF973DF526}.Release|Any CPU.ActiveCfg = Release|Any CPU
		{271F17D8-DFEC-4F8A-BB6B-5EEF973DF526}.Release|Any CPU.Build.0 = Release|Any CPU
		{271F17D8-DFEC-4F8A-BB6B-5EEF973DF526}.Release|Any CPU.Deploy.0 = Release|Any CPU
		{271F17D8-DFEC-4F8A-BB6B-5EEF973DF526}.Release|ARM.ActiveCfg = Release|Any CPU
		{271F17D8-DFEC-4F8A-BB6B-5EEF973DF526}.Release|ARM.Build.0 = Release|Any CPU
		{271F17D8-DFEC-4F8A-BB6B-5EEF973DF526}.Release|ARM.Deploy.0 = Release|Any CPU
		{271F17D8-DFEC-4F8A-BB6B-5EEF973DF526}.Release|iPhone.ActiveCfg = Release|Any CPU
		{271F17D8-DFEC-4F8A-BB6B-5EEF973DF526}.Release|iPhone.Build.0 = Release|Any CPU
		{271F17D8-DFEC-4F8A-BB6B-5EEF973DF526}.Release|iPhone.Deploy.0 = Release|Any CPU
		{271F17D8-DFEC-4F8A-BB6B-5EEF973DF526}.Release|iPhoneSimulator.ActiveCfg = Release|Any CPU
		{271F17D8-DFEC-4F8A-BB6B-5EEF973DF526}.Release|iPhoneSimulator.Build.0 = Release|Any CPU
		{271F17D8-DFEC-4F8A-BB6B-5EEF973DF526}.Release|iPhoneSimulator.Deploy.0 = Release|Any CPU
		{271F17D8-DFEC-4F8A-BB6B-5EEF973DF526}.Release|x64.ActiveCfg = Release|Any CPU
		{271F17D8-DFEC-4F8A-BB6B-5EEF973DF526}.Release|x64.Build.0 = Release|Any CPU
		{271F17D8-DFEC-4F8A-BB6B-5EEF973DF526}.Release|x64.Deploy.0 = Release|Any CPU
		{271F17D8-DFEC-4F8A-BB6B-5EEF973DF526}.Release|x86.ActiveCfg = Release|Any CPU
		{271F17D8-DFEC-4F8A-BB6B-5EEF973DF526}.Release|x86.Build.0 = Release|Any CPU
		{271F17D8-DFEC-4F8A-BB6B-5EEF973DF526}.Release|x86.Deploy.0 = Release|Any CPU
		{4CE37030-CF46-4429-82F5-2E3DE7E9A993}.Ad-Hoc|Any CPU.ActiveCfg = Ad-Hoc|iPhone
		{4CE37030-CF46-4429-82F5-2E3DE7E9A993}.Ad-Hoc|Any CPU.Build.0 = Ad-Hoc|iPhone
		{4CE37030-CF46-4429-82F5-2E3DE7E9A993}.Ad-Hoc|Any CPU.Deploy.0 = Ad-Hoc|iPhone
		{4CE37030-CF46-4429-82F5-2E3DE7E9A993}.Ad-Hoc|ARM.ActiveCfg = Ad-Hoc|iPhone
		{4CE37030-CF46-4429-82F5-2E3DE7E9A993}.Ad-Hoc|ARM.Build.0 = Ad-Hoc|iPhone
		{4CE37030-CF46-4429-82F5-2E3DE7E9A993}.Ad-Hoc|ARM.Deploy.0 = Ad-Hoc|iPhone
		{4CE37030-CF46-4429-82F5-2E3DE7E9A993}.Ad-Hoc|iPhone.ActiveCfg = Ad-Hoc|iPhone
		{4CE37030-CF46-4429-82F5-2E3DE7E9A993}.Ad-Hoc|iPhone.Build.0 = Ad-Hoc|iPhone
		{4CE37030-CF46-4429-82F5-2E3DE7E9A993}.Ad-Hoc|iPhone.Deploy.0 = Ad-Hoc|iPhone
		{4CE37030-CF46-4429-82F5-2E3DE7E9A993}.Ad-Hoc|iPhoneSimulator.ActiveCfg = Ad-Hoc|iPhoneSimulator
		{4CE37030-CF46-4429-82F5-2E3DE7E9A993}.Ad-Hoc|iPhoneSimulator.Build.0 = Ad-Hoc|iPhoneSimulator
		{4CE37030-CF46-4429-82F5-2E3DE7E9A993}.Ad-Hoc|iPhoneSimulator.Deploy.0 = Ad-Hoc|iPhoneSimulator
		{4CE37030-CF46-4429-82F5-2E3DE7E9A993}.Ad-Hoc|x64.ActiveCfg = Ad-Hoc|iPhone
		{4CE37030-CF46-4429-82F5-2E3DE7E9A993}.Ad-Hoc|x64.Build.0 = Ad-Hoc|iPhone
		{4CE37030-CF46-4429-82F5-2E3DE7E9A993}.Ad-Hoc|x64.Deploy.0 = Ad-Hoc|iPhone
		{4CE37030-CF46-4429-82F5-2E3DE7E9A993}.Ad-Hoc|x86.ActiveCfg = Ad-Hoc|iPhone
		{4CE37030-CF46-4429-82F5-2E3DE7E9A993}.Ad-Hoc|x86.Build.0 = Ad-Hoc|iPhone
		{4CE37030-CF46-4429-82F5-2E3DE7E9A993}.Ad-Hoc|x86.Deploy.0 = Ad-Hoc|iPhone
		{4CE37030-CF46-4429-82F5-2E3DE7E9A993}.AppStore|Any CPU.ActiveCfg = AppStore|iPhone
		{4CE37030-CF46-4429-82F5-2E3DE7E9A993}.AppStore|Any CPU.Build.0 = AppStore|iPhone
		{4CE37030-CF46-4429-82F5-2E3DE7E9A993}.AppStore|Any CPU.Deploy.0 = AppStore|iPhone
		{4CE37030-CF46-4429-82F5-2E3DE7E9A993}.AppStore|ARM.ActiveCfg = AppStore|iPhone
		{4CE37030-CF46-4429-82F5-2E3DE7E9A993}.AppStore|ARM.Build.0 = AppStore|iPhone
		{4CE37030-CF46-4429-82F5-2E3DE7E9A993}.AppStore|ARM.Deploy.0 = AppStore|iPhone
		{4CE37030-CF46-4429-82F5-2E3DE7E9A993}.AppStore|iPhone.ActiveCfg = AppStore|iPhone
		{4CE37030-CF46-4429-82F5-2E3DE7E9A993}.AppStore|iPhone.Build.0 = AppStore|iPhone
		{4CE37030-CF46-4429-82F5-2E3DE7E9A993}.AppStore|iPhone.Deploy.0 = AppStore|iPhone
		{4CE37030-CF46-4429-82F5-2E3DE7E9A993}.AppStore|iPhoneSimulator.ActiveCfg = AppStore|iPhoneSimulator
		{4CE37030-CF46-4429-82F5-2E3DE7E9A993}.AppStore|iPhoneSimulator.Build.0 = AppStore|iPhoneSimulator
		{4CE37030-CF46-4429-82F5-2E3DE7E9A993}.AppStore|iPhoneSimulator.Deploy.0 = AppStore|iPhoneSimulator
		{4CE37030-CF46-4429-82F5-2E3DE7E9A993}.AppStore|x64.ActiveCfg = AppStore|iPhone
		{4CE37030-CF46-4429-82F5-2E3DE7E9A993}.AppStore|x64.Build.0 = AppStore|iPhone
		{4CE37030-CF46-4429-82F5-2E3DE7E9A993}.AppStore|x64.Deploy.0 = AppStore|iPhone
		{4CE37030-CF46-4429-82F5-2E3DE7E9A993}.AppStore|x86.ActiveCfg = AppStore|iPhone
		{4CE37030-CF46-4429-82F5-2E3DE7E9A993}.AppStore|x86.Build.0 = AppStore|iPhone
		{4CE37030-CF46-4429-82F5-2E3DE7E9A993}.AppStore|x86.Deploy.0 = AppStore|iPhone
		{4CE37030-CF46-4429-82F5-2E3DE7E9A993}.Debug|Any CPU.ActiveCfg = Debug|iPhoneSimulator
		{4CE37030-CF46-4429-82F5-2E3DE7E9A993}.Debug|Any CPU.Build.0 = Debug|iPhoneSimulator
		{4CE37030-CF46-4429-82F5-2E3DE7E9A993}.Debug|Any CPU.Deploy.0 = Debug|iPhoneSimulator
		{4CE37030-CF46-4429-82F5-2E3DE7E9A993}.Debug|ARM.ActiveCfg = Debug|iPhone
		{4CE37030-CF46-4429-82F5-2E3DE7E9A993}.Debug|ARM.Build.0 = Debug|iPhone
		{4CE37030-CF46-4429-82F5-2E3DE7E9A993}.Debug|ARM.Deploy.0 = Debug|iPhone
		{4CE37030-CF46-4429-82F5-2E3DE7E9A993}.Debug|iPhone.ActiveCfg = Debug|iPhone
		{4CE37030-CF46-4429-82F5-2E3DE7E9A993}.Debug|iPhone.Build.0 = Debug|iPhone
		{4CE37030-CF46-4429-82F5-2E3DE7E9A993}.Debug|iPhone.Deploy.0 = Debug|iPhone
		{4CE37030-CF46-4429-82F5-2E3DE7E9A993}.Debug|iPhoneSimulator.ActiveCfg = Debug|iPhoneSimulator
		{4CE37030-CF46-4429-82F5-2E3DE7E9A993}.Debug|iPhoneSimulator.Build.0 = Debug|iPhoneSimulator
		{4CE37030-CF46-4429-82F5-2E3DE7E9A993}.Debug|iPhoneSimulator.Deploy.0 = Debug|iPhoneSimulator
		{4CE37030-CF46-4429-82F5-2E3DE7E9A993}.Debug|x64.ActiveCfg = Debug|iPhone
		{4CE37030-CF46-4429-82F5-2E3DE7E9A993}.Debug|x64.Build.0 = Debug|iPhone
		{4CE37030-CF46-4429-82F5-2E3DE7E9A993}.Debug|x64.Deploy.0 = Debug|iPhone
		{4CE37030-CF46-4429-82F5-2E3DE7E9A993}.Debug|x86.ActiveCfg = Debug|iPhone
		{4CE37030-CF46-4429-82F5-2E3DE7E9A993}.Debug|x86.Build.0 = Debug|iPhone
		{4CE37030-CF46-4429-82F5-2E3DE7E9A993}.Debug|x86.Deploy.0 = Debug|iPhone
		{4CE37030-CF46-4429-82F5-2E3DE7E9A993}.Release|Any CPU.ActiveCfg = Release|iPhone
		{4CE37030-CF46-4429-82F5-2E3DE7E9A993}.Release|Any CPU.Build.0 = Release|iPhone
		{4CE37030-CF46-4429-82F5-2E3DE7E9A993}.Release|Any CPU.Deploy.0 = Release|iPhone
		{4CE37030-CF46-4429-82F5-2E3DE7E9A993}.Release|ARM.ActiveCfg = Release|iPhone
		{4CE37030-CF46-4429-82F5-2E3DE7E9A993}.Release|ARM.Build.0 = Release|iPhone
		{4CE37030-CF46-4429-82F5-2E3DE7E9A993}.Release|ARM.Deploy.0 = Release|iPhone
		{4CE37030-CF46-4429-82F5-2E3DE7E9A993}.Release|iPhone.ActiveCfg = Release|iPhone
		{4CE37030-CF46-4429-82F5-2E3DE7E9A993}.Release|iPhone.Build.0 = Release|iPhone
		{4CE37030-CF46-4429-82F5-2E3DE7E9A993}.Release|iPhone.Deploy.0 = Release|iPhone
		{4CE37030-CF46-4429-82F5-2E3DE7E9A993}.Release|iPhoneSimulator.ActiveCfg = Release|iPhoneSimulator
		{4CE37030-CF46-4429-82F5-2E3DE7E9A993}.Release|iPhoneSimulator.Build.0 = Release|iPhoneSimulator
		{4CE37030-CF46-4429-82F5-2E3DE7E9A993}.Release|iPhoneSimulator.Deploy.0 = Release|iPhoneSimulator
		{4CE37030-CF46-4429-82F5-2E3DE7E9A993}.Release|x64.ActiveCfg = Release|iPhone
		{4CE37030-CF46-4429-82F5-2E3DE7E9A993}.Release|x64.Build.0 = Release|iPhone
		{4CE37030-CF46-4429-82F5-2E3DE7E9A993}.Release|x64.Deploy.0 = Release|iPhone
		{4CE37030-CF46-4429-82F5-2E3DE7E9A993}.Release|x86.ActiveCfg = Release|iPhone
		{4CE37030-CF46-4429-82F5-2E3DE7E9A993}.Release|x86.Build.0 = Release|iPhone
		{4CE37030-CF46-4429-82F5-2E3DE7E9A993}.Release|x86.Deploy.0 = Release|iPhone
		{115CE224-39F3-4F52-9215-6203B78F4DD0}.Ad-Hoc|Any CPU.ActiveCfg = Release|x86
		{115CE224-39F3-4F52-9215-6203B78F4DD0}.Ad-Hoc|Any CPU.Build.0 = Release|x86
		{115CE224-39F3-4F52-9215-6203B78F4DD0}.Ad-Hoc|Any CPU.Deploy.0 = Release|x86
		{115CE224-39F3-4F52-9215-6203B78F4DD0}.Ad-Hoc|ARM.ActiveCfg = Release|ARM
		{115CE224-39F3-4F52-9215-6203B78F4DD0}.Ad-Hoc|ARM.Build.0 = Release|ARM
		{115CE224-39F3-4F52-9215-6203B78F4DD0}.Ad-Hoc|ARM.Deploy.0 = Release|ARM
		{115CE224-39F3-4F52-9215-6203B78F4DD0}.Ad-Hoc|iPhone.ActiveCfg = Release|x86
		{115CE224-39F3-4F52-9215-6203B78F4DD0}.Ad-Hoc|iPhone.Build.0 = Release|x86
		{115CE224-39F3-4F52-9215-6203B78F4DD0}.Ad-Hoc|iPhone.Deploy.0 = Release|x86
		{115CE224-39F3-4F52-9215-6203B78F4DD0}.Ad-Hoc|iPhoneSimulator.ActiveCfg = Release|x86
		{115CE224-39F3-4F52-9215-6203B78F4DD0}.Ad-Hoc|iPhoneSimulator.Build.0 = Release|x86
		{115CE224-39F3-4F52-9215-6203B78F4DD0}.Ad-Hoc|iPhoneSimulator.Deploy.0 = Release|x86
		{115CE224-39F3-4F52-9215-6203B78F4DD0}.Ad-Hoc|x64.ActiveCfg = Release|x64
		{115CE224-39F3-4F52-9215-6203B78F4DD0}.Ad-Hoc|x64.Build.0 = Release|x64
		{115CE224-39F3-4F52-9215-6203B78F4DD0}.Ad-Hoc|x64.Deploy.0 = Release|x64
		{115CE224-39F3-4F52-9215-6203B78F4DD0}.Ad-Hoc|x86.ActiveCfg = Release|x86
		{115CE224-39F3-4F52-9215-6203B78F4DD0}.Ad-Hoc|x86.Build.0 = Release|x86
		{115CE224-39F3-4F52-9215-6203B78F4DD0}.Ad-Hoc|x86.Deploy.0 = Release|x86
		{115CE224-39F3-4F52-9215-6203B78F4DD0}.AppStore|Any CPU.ActiveCfg = Release|x86
		{115CE224-39F3-4F52-9215-6203B78F4DD0}.AppStore|Any CPU.Build.0 = Release|x86
		{115CE224-39F3-4F52-9215-6203B78F4DD0}.AppStore|Any CPU.Deploy.0 = Release|x86
		{115CE224-39F3-4F52-9215-6203B78F4DD0}.AppStore|ARM.ActiveCfg = Release|ARM
		{115CE224-39F3-4F52-9215-6203B78F4DD0}.AppStore|ARM.Build.0 = Release|ARM
		{115CE224-39F3-4F52-9215-6203B78F4DD0}.AppStore|ARM.Deploy.0 = Release|ARM
		{115CE224-39F3-4F52-9215-6203B78F4DD0}.AppStore|iPhone.ActiveCfg = Release|x86
		{115CE224-39F3-4F52-9215-6203B78F4DD0}.AppStore|iPhone.Build.0 = Release|x86
		{115CE224-39F3-4F52-9215-6203B78F4DD0}.AppStore|iPhone.Deploy.0 = Release|x86
		{115CE224-39F3-4F52-9215-6203B78F4DD0}.AppStore|iPhoneSimulator.ActiveCfg = Release|x86
		{115CE224-39F3-4F52-9215-6203B78F4DD0}.AppStore|iPhoneSimulator.Build.0 = Release|x86
		{115CE224-39F3-4F52-9215-6203B78F4DD0}.AppStore|iPhoneSimulator.Deploy.0 = Release|x86
		{115CE224-39F3-4F52-9215-6203B78F4DD0}.AppStore|x64.ActiveCfg = Release|x64
		{115CE224-39F3-4F52-9215-6203B78F4DD0}.AppStore|x64.Build.0 = Release|x64
		{115CE224-39F3-4F52-9215-6203B78F4DD0}.AppStore|x64.Deploy.0 = Release|x64
		{115CE224-39F3-4F52-9215-6203B78F4DD0}.AppStore|x86.ActiveCfg = Release|x86
		{115CE224-39F3-4F52-9215-6203B78F4DD0}.AppStore|x86.Build.0 = Release|x86
		{115CE224-39F3-4F52-9215-6203B78F4DD0}.AppStore|x86.Deploy.0 = Release|x86
		{115CE224-39F3-4F52-9215-6203B78F4DD0}.Debug|Any CPU.ActiveCfg = Debug|x86
		{115CE224-39F3-4F52-9215-6203B78F4DD0}.Debug|Any CPU.Build.0 = Debug|x86
		{115CE224-39F3-4F52-9215-6203B78F4DD0}.Debug|Any CPU.Deploy.0 = Debug|x86
		{115CE224-39F3-4F52-9215-6203B78F4DD0}.Debug|ARM.ActiveCfg = Debug|ARM
		{115CE224-39F3-4F52-9215-6203B78F4DD0}.Debug|ARM.Build.0 = Debug|ARM
		{115CE224-39F3-4F52-9215-6203B78F4DD0}.Debug|ARM.Deploy.0 = Debug|ARM
		{115CE224-39F3-4F52-9215-6203B78F4DD0}.Debug|iPhone.ActiveCfg = Debug|x86
		{115CE224-39F3-4F52-9215-6203B78F4DD0}.Debug|iPhone.Build.0 = Debug|x86
		{115CE224-39F3-4F52-9215-6203B78F4DD0}.Debug|iPhone.Deploy.0 = Debug|x86
		{115CE224-39F3-4F52-9215-6203B78F4DD0}.Debug|iPhoneSimulator.ActiveCfg = Debug|x86
		{115CE224-39F3-4F52-9215-6203B78F4DD0}.Debug|iPhoneSimulator.Build.0 = Debug|x86
		{115CE224-39F3-4F52-9215-6203B78F4DD0}.Debug|iPhoneSimulator.Deploy.0 = Debug|x86
		{115CE224-39F3-4F52-9215-6203B78F4DD0}.Debug|x64.ActiveCfg = Debug|x64
		{115CE224-39F3-4F52-9215-6203B78F4DD0}.Debug|x64.Build.0 = Debug|x64
		{115CE224-39F3-4F52-9215-6203B78F4DD0}.Debug|x64.Deploy.0 = Debug|x64
		{115CE224-39F3-4F52-9215-6203B78F4DD0}.Debug|x86.ActiveCfg = Debug|x86
		{115CE224-39F3-4F52-9215-6203B78F4DD0}.Debug|x86.Build.0 = Debug|x86
		{115CE224-39F3-4F52-9215-6203B78F4DD0}.Debug|x86.Deploy.0 = Debug|x86
		{115CE224-39F3-4F52-9215-6203B78F4DD0}.Release|Any CPU.ActiveCfg = Release|x86
		{115CE224-39F3-4F52-9215-6203B78F4DD0}.Release|Any CPU.Build.0 = Release|x86
		{115CE224-39F3-4F52-9215-6203B78F4DD0}.Release|Any CPU.Deploy.0 = Release|x86
		{115CE224-39F3-4F52-9215-6203B78F4DD0}.Release|ARM.ActiveCfg = Release|ARM
		{115CE224-39F3-4F52-9215-6203B78F4DD0}.Release|ARM.Build.0 = Release|ARM
		{115CE224-39F3-4F52-9215-6203B78F4DD0}.Release|ARM.Deploy.0 = Release|ARM
		{115CE224-39F3-4F52-9215-6203B78F4DD0}.Release|iPhone.ActiveCfg = Release|x86
		{115CE224-39F3-4F52-9215-6203B78F4DD0}.Release|iPhone.Build.0 = Release|x86
		{115CE224-39F3-4F52-9215-6203B78F4DD0}.Release|iPhone.Deploy.0 = Release|x86
		{115CE224-39F3-4F52-9215-6203B78F4DD0}.Release|iPhoneSimulator.ActiveCfg = Release|x86
		{115CE224-39F3-4F52-9215-6203B78F4DD0}.Release|iPhoneSimulator.Build.0 = Release|x86
		{115CE224-39F3-4F52-9215-6203B78F4DD0}.Release|iPhoneSimulator.Deploy.0 = Release|x86
		{115CE224-39F3-4F52-9215-6203B78F4DD0}.Release|x64.ActiveCfg = Release|x64
		{115CE224-39F3-4F52-9215-6203B78F4DD0}.Release|x64.Build.0 = Release|x64
		{115CE224-39F3-4F52-9215-6203B78F4DD0}.Release|x64.Deploy.0 = Release|x64
		{115CE224-39F3-4F52-9215-6203B78F4DD0}.Release|x86.ActiveCfg = Release|x86
		{115CE224-39F3-4F52-9215-6203B78F4DD0}.Release|x86.Build.0 = Release|x86
		{115CE224-39F3-4F52-9215-6203B78F4DD0}.Release|x86.Deploy.0 = Release|x86
		{CD77040B-2CB1-4C7E-95DF-367591CF1DC1}.Ad-Hoc|Any CPU.ActiveCfg = Debug|Any CPU
		{CD77040B-2CB1-4C7E-95DF-367591CF1DC1}.Ad-Hoc|Any CPU.Build.0 = Debug|Any CPU
		{CD77040B-2CB1-4C7E-95DF-367591CF1DC1}.Ad-Hoc|Any CPU.Deploy.0 = Debug|Any CPU
		{CD77040B-2CB1-4C7E-95DF-367591CF1DC1}.Ad-Hoc|ARM.ActiveCfg = Debug|Any CPU
		{CD77040B-2CB1-4C7E-95DF-367591CF1DC1}.Ad-Hoc|ARM.Build.0 = Debug|Any CPU
		{CD77040B-2CB1-4C7E-95DF-367591CF1DC1}.Ad-Hoc|ARM.Deploy.0 = Debug|Any CPU
		{CD77040B-2CB1-4C7E-95DF-367591CF1DC1}.Ad-Hoc|iPhone.ActiveCfg = Debug|Any CPU
		{CD77040B-2CB1-4C7E-95DF-367591CF1DC1}.Ad-Hoc|iPhone.Build.0 = Debug|Any CPU
		{CD77040B-2CB1-4C7E-95DF-367591CF1DC1}.Ad-Hoc|iPhone.Deploy.0 = Debug|Any CPU
		{CD77040B-2CB1-4C7E-95DF-367591CF1DC1}.Ad-Hoc|iPhoneSimulator.ActiveCfg = Debug|Any CPU
		{CD77040B-2CB1-4C7E-95DF-367591CF1DC1}.Ad-Hoc|iPhoneSimulator.Build.0 = Debug|Any CPU
		{CD77040B-2CB1-4C7E-95DF-367591CF1DC1}.Ad-Hoc|iPhoneSimulator.Deploy.0 = Debug|Any CPU
		{CD77040B-2CB1-4C7E-95DF-367591CF1DC1}.Ad-Hoc|x64.ActiveCfg = Debug|Any CPU
		{CD77040B-2CB1-4C7E-95DF-367591CF1DC1}.Ad-Hoc|x64.Build.0 = Debug|Any CPU
		{CD77040B-2CB1-4C7E-95DF-367591CF1DC1}.Ad-Hoc|x64.Deploy.0 = Debug|Any CPU
		{CD77040B-2CB1-4C7E-95DF-367591CF1DC1}.Ad-Hoc|x86.ActiveCfg = Debug|Any CPU
		{CD77040B-2CB1-4C7E-95DF-367591CF1DC1}.Ad-Hoc|x86.Build.0 = Debug|Any CPU
		{CD77040B-2CB1-4C7E-95DF-367591CF1DC1}.Ad-Hoc|x86.Deploy.0 = Debug|Any CPU
		{CD77040B-2CB1-4C7E-95DF-367591CF1DC1}.AppStore|Any CPU.ActiveCfg = Debug|Any CPU
		{CD77040B-2CB1-4C7E-95DF-367591CF1DC1}.AppStore|Any CPU.Build.0 = Debug|Any CPU
		{CD77040B-2CB1-4C7E-95DF-367591CF1DC1}.AppStore|Any CPU.Deploy.0 = Debug|Any CPU
		{CD77040B-2CB1-4C7E-95DF-367591CF1DC1}.AppStore|ARM.ActiveCfg = Debug|Any CPU
		{CD77040B-2CB1-4C7E-95DF-367591CF1DC1}.AppStore|ARM.Build.0 = Debug|Any CPU
		{CD77040B-2CB1-4C7E-95DF-367591CF1DC1}.AppStore|ARM.Deploy.0 = Debug|Any CPU
		{CD77040B-2CB1-4C7E-95DF-367591CF1DC1}.AppStore|iPhone.ActiveCfg = Debug|Any CPU
		{CD77040B-2CB1-4C7E-95DF-367591CF1DC1}.AppStore|iPhone.Build.0 = Debug|Any CPU
		{CD77040B-2CB1-4C7E-95DF-367591CF1DC1}.AppStore|iPhone.Deploy.0 = Debug|Any CPU
		{CD77040B-2CB1-4C7E-95DF-367591CF1DC1}.AppStore|iPhoneSimulator.ActiveCfg = Debug|Any CPU
		{CD77040B-2CB1-4C7E-95DF-367591CF1DC1}.AppStore|iPhoneSimulator.Build.0 = Debug|Any CPU
		{CD77040B-2CB1-4C7E-95DF-367591CF1DC1}.AppStore|iPhoneSimulator.Deploy.0 = Debug|Any CPU
		{CD77040B-2CB1-4C7E-95DF-367591CF1DC1}.AppStore|x64.ActiveCfg = Debug|Any CPU
		{CD77040B-2CB1-4C7E-95DF-367591CF1DC1}.AppStore|x64.Build.0 = Debug|Any CPU
		{CD77040B-2CB1-4C7E-95DF-367591CF1DC1}.AppStore|x64.Deploy.0 = Debug|Any CPU
		{CD77040B-2CB1-4C7E-95DF-367591CF1DC1}.AppStore|x86.ActiveCfg = Debug|Any CPU
		{CD77040B-2CB1-4C7E-95DF-367591CF1DC1}.AppStore|x86.Build.0 = Debug|Any CPU
		{CD77040B-2CB1-4C7E-95DF-367591CF1DC1}.AppStore|x86.Deploy.0 = Debug|Any CPU
		{CD77040B-2CB1-4C7E-95DF-367591CF1DC1}.Debug|Any CPU.ActiveCfg = Debug|Any CPU
		{CD77040B-2CB1-4C7E-95DF-367591CF1DC1}.Debug|Any CPU.Build.0 = Debug|Any CPU
		{CD77040B-2CB1-4C7E-95DF-367591CF1DC1}.Debug|Any CPU.Deploy.0 = Debug|Any CPU
		{CD77040B-2CB1-4C7E-95DF-367591CF1DC1}.Debug|ARM.ActiveCfg = Debug|Any CPU
		{CD77040B-2CB1-4C7E-95DF-367591CF1DC1}.Debug|ARM.Build.0 = Debug|Any CPU
		{CD77040B-2CB1-4C7E-95DF-367591CF1DC1}.Debug|ARM.Deploy.0 = Debug|Any CPU
		{CD77040B-2CB1-4C7E-95DF-367591CF1DC1}.Debug|iPhone.ActiveCfg = Debug|Any CPU
		{CD77040B-2CB1-4C7E-95DF-367591CF1DC1}.Debug|iPhone.Build.0 = Debug|Any CPU
		{CD77040B-2CB1-4C7E-95DF-367591CF1DC1}.Debug|iPhone.Deploy.0 = Debug|Any CPU
		{CD77040B-2CB1-4C7E-95DF-367591CF1DC1}.Debug|iPhoneSimulator.ActiveCfg = Debug|Any CPU
		{CD77040B-2CB1-4C7E-95DF-367591CF1DC1}.Debug|iPhoneSimulator.Build.0 = Debug|Any CPU
		{CD77040B-2CB1-4C7E-95DF-367591CF1DC1}.Debug|iPhoneSimulator.Deploy.0 = Debug|Any CPU
		{CD77040B-2CB1-4C7E-95DF-367591CF1DC1}.Debug|x64.ActiveCfg = Debug|Any CPU
		{CD77040B-2CB1-4C7E-95DF-367591CF1DC1}.Debug|x64.Build.0 = Debug|Any CPU
		{CD77040B-2CB1-4C7E-95DF-367591CF1DC1}.Debug|x64.Deploy.0 = Debug|Any CPU
		{CD77040B-2CB1-4C7E-95DF-367591CF1DC1}.Debug|x86.ActiveCfg = Debug|Any CPU
		{CD77040B-2CB1-4C7E-95DF-367591CF1DC1}.Debug|x86.Build.0 = Debug|Any CPU
		{CD77040B-2CB1-4C7E-95DF-367591CF1DC1}.Debug|x86.Deploy.0 = Debug|Any CPU
		{CD77040B-2CB1-4C7E-95DF-367591CF1DC1}.Release|Any CPU.ActiveCfg = Release|Any CPU
		{CD77040B-2CB1-4C7E-95DF-367591CF1DC1}.Release|Any CPU.Build.0 = Release|Any CPU
		{CD77040B-2CB1-4C7E-95DF-367591CF1DC1}.Release|Any CPU.Deploy.0 = Release|Any CPU
		{CD77040B-2CB1-4C7E-95DF-367591CF1DC1}.Release|ARM.ActiveCfg = Release|Any CPU
		{CD77040B-2CB1-4C7E-95DF-367591CF1DC1}.Release|ARM.Build.0 = Release|Any CPU
		{CD77040B-2CB1-4C7E-95DF-367591CF1DC1}.Release|ARM.Deploy.0 = Release|Any CPU
		{CD77040B-2CB1-4C7E-95DF-367591CF1DC1}.Release|iPhone.ActiveCfg = Release|Any CPU
		{CD77040B-2CB1-4C7E-95DF-367591CF1DC1}.Release|iPhone.Build.0 = Release|Any CPU
		{CD77040B-2CB1-4C7E-95DF-367591CF1DC1}.Release|iPhone.Deploy.0 = Release|Any CPU
		{CD77040B-2CB1-4C7E-95DF-367591CF1DC1}.Release|iPhoneSimulator.ActiveCfg = Release|Any CPU
		{CD77040B-2CB1-4C7E-95DF-367591CF1DC1}.Release|iPhoneSimulator.Build.0 = Release|Any CPU
		{CD77040B-2CB1-4C7E-95DF-367591CF1DC1}.Release|iPhoneSimulator.Deploy.0 = Release|Any CPU
		{CD77040B-2CB1-4C7E-95DF-367591CF1DC1}.Release|x64.ActiveCfg = Release|Any CPU
		{CD77040B-2CB1-4C7E-95DF-367591CF1DC1}.Release|x64.Build.0 = Release|Any CPU
		{CD77040B-2CB1-4C7E-95DF-367591CF1DC1}.Release|x64.Deploy.0 = Release|Any CPU
		{CD77040B-2CB1-4C7E-95DF-367591CF1DC1}.Release|x86.ActiveCfg = Release|Any CPU
		{CD77040B-2CB1-4C7E-95DF-367591CF1DC1}.Release|x86.Build.0 = Release|Any CPU
		{CD77040B-2CB1-4C7E-95DF-367591CF1DC1}.Release|x86.Deploy.0 = Release|Any CPU
	EndGlobalSection
	GlobalSection(SolutionProperties) = preSolution
		HideSolutionNode = FALSE
	EndGlobalSection
	GlobalSection(ExtensibilityGlobals) = postSolution
		SolutionGuid = {7E46ECEE-E498-4781-A59A-61113E0E0719}
	EndGlobalSection
EndGlobal
