
Microsoft Visual Studio Solution File, Format Version 12.00
Project("{FAE04EC0-301F-11D3-BF4B-00C04F79EFBC}") = "webclient", "webclient\webclient.csproj", "{1E20850A-08F8-4528-B04C-F052539F4229}"
EndProject
Global
	GlobalSection(SolutionConfigurationPlatforms) = preSolution
		Debug|Any CPU = Debug|Any CPU
		Release|Any CPU = Release|Any CPU
	EndGlobalSection
	GlobalSection(ProjectConfigurationPlatforms) = postSolution
		{1E20850A-08F8-4528-B04C-F052539F4229}.Debug|Any CPU.ActiveCfg = Debug|Any CPU
		{1E20850A-08F8-4528-B04C-F052539F4229}.Debug|Any CPU.Build.0 = Debug|Any CPU
		{1E20850A-08F8-4528-B04C-F052539F4229}.Release|Any CPU.ActiveCfg = Release|Any CPU
		{1E20850A-08F8-4528-B04C-F052539F4229}.Release|Any CPU.Build.0 = Release|Any CPU
	EndGlobalSection
EndGlobal
